
Microsoft Visual Studio Solution File, Format Version 12.00
# Visual Studio Version 17
VisualStudioVersion = 17.0.31903.59
MinimumVisualStudioVersion = 10.0.40219.1
Project("{2150E333-8FDC-42A3-9474-1A3956D46DE8}") = "Solution Items", "Solution Items", "{93BD6F75-CECC-4A34-9B6F-570B24384A87}"
	ProjectSection(SolutionItems) = preProject
		.editorconfig = .editorconfig
		Directory.Build.props = Directory.Build.props
		src\Directory.Build.props = src\Directory.Build.props
		Directory.Packages.props = Directory.Packages.props
	EndProjectSection
EndProject
Project("{2150E333-8FDC-42A3-9474-1A3956D46DE8}") = "src", "src", "{EBF6F703-A59D-4015-B38C-142918A61E0A}"
EndProject
Project("{FAE04EC0-301F-11D3-BF4B-00C04F79EFBC}") = "Commands", "src\Commands\Commands.csproj", "{9F9C4499-3091-4902-9954-0FEC58ACA896}"
EndProject
Project("{FAE04EC0-301F-11D3-BF4B-00C04F79EFBC}") = "Queries", "src\Queries\Queries.csproj", "{94065878-2340-47B2-B1FF-EA778F07E430}"
EndProject
Global
	GlobalSection(SolutionConfigurationPlatforms) = preSolution
		Debug|Any CPU = Debug|Any CPU
		Release|Any CPU = Release|Any CPU
	EndGlobalSection
	GlobalSection(ProjectConfigurationPlatforms) = postSolution
		{9F9C4499-3091-4902-9954-0FEC58ACA896}.Debug|Any CPU.ActiveCfg = Debug|Any CPU
		{9F9C4499-3091-4902-9954-0FEC58ACA896}.Debug|Any CPU.Build.0 = Debug|Any CPU
		{9F9C4499-3091-4902-9954-0FEC58ACA896}.Release|Any CPU.ActiveCfg = Release|Any CPU
		{9F9C4499-3091-4902-9954-0FEC58ACA896}.Release|Any CPU.Build.0 = Release|Any CPU
		{94065878-2340-47B2-B1FF-EA778F07E430}.Debug|Any CPU.ActiveCfg = Debug|Any CPU
		{94065878-2340-47B2-B1FF-EA778F07E430}.Debug|Any CPU.Build.0 = Debug|Any CPU
		{94065878-2340-47B2-B1FF-EA778F07E430}.Release|Any CPU.ActiveCfg = Release|Any CPU
		{94065878-2340-47B2-B1FF-EA778F07E430}.Release|Any CPU.Build.0 = Release|Any CPU
	EndGlobalSection
	GlobalSection(SolutionProperties) = preSolution
		HideSolutionNode = FALSE
	EndGlobalSection
	GlobalSection(NestedProjects) = preSolution
		{9F9C4499-3091-4902-9954-0FEC58ACA896} = {EBF6F703-A59D-4015-B38C-142918A61E0A}
		{94065878-2340-47B2-B1FF-EA778F07E430} = {EBF6F703-A59D-4015-B38C-142918A61E0A}
	EndGlobalSection
	GlobalSection(ExtensibilityGlobals) = postSolution
		SolutionGuid = {A8BF900F-8E8F-47C1-A16F-1AE237548BDF}
	EndGlobalSection
EndGlobal
